// !$*UTF8*$!
{
	archiveVersion = 1;
	classes = {
	};
	objectVersion = 46;
	objects = {

/* Begin PBXBuildFile section */
		3AE0612F0BC411964A324393 /* libnanovg.a in Frameworks */ = {isa = PBXBuildFile; fileRef = 170A385C2119177A08E24A26 /* libnanovg.a */; };
		41B769C72D446C9073ED75C2 /* perf.c in Sources */ = {isa = PBXBuildFile; fileRef = 1E4B742E0AE14EEB46B07362 /* perf.c */; };
		655B622E67C14D3627AC4C57 /* example_fbo.c in Sources */ = {isa = PBXBuildFile; fileRef = 41034090481C374123C24DFC /* example_fbo.c */; };
/* End PBXBuildFile section */

/* Begin PBXContainerItemProxy section */
		3B7E585B617A3CEE69C47387 /* PBXContainerItemProxy */ = {
			isa = PBXContainerItemProxy;
			containerPortal = 36B0730559E165A27F8A63AD /* nanovg.xcodeproj */;
			proxyType = 1;
			remoteGlobalIDString = 567057AF50CF556D6BD37F30;
			remoteInfo = libnanovg.a;
		};
		62E528DF4CC87561668349C7 /* PBXContainerItemProxy */ = {
			isa = PBXContainerItemProxy;
			containerPortal = 36B0730559E165A27F8A63AD /* nanovg.xcodeproj */;
			proxyType = 2;
			remoteGlobalIDString = 43D652076C387E134DBE7986;
			remoteInfo = libnanovg.a;
		};
/* End PBXContainerItemProxy section */

/* Begin PBXFileReference section */
		1E4B742E0AE14EEB46B07362 /* perf.c */ = {isa = PBXFileReference; lastKnownFileType = sourcecode.c.c; name = perf.c; path = ../example/perf.c; sourceTree = "<group>"; };
		36B0730559E165A27F8A63AD /* nanovg.xcodeproj */ = {isa = PBXFileReference; lastKnownFileType = "wrapper.pb-project"; path = nanovg.xcodeproj; sourceTree = SOURCE_ROOT; };
		41034090481C374123C24DFC /* example_fbo.c */ = {isa = PBXFileReference; lastKnownFileType = sourcecode.c.c; name = example_fbo.c; path = ../example/example_fbo.c; sourceTree = "<group>"; };
		413B10D0486649DA0BDC515F /* example_fbo */ = {isa = PBXFileReference; explicitFileType = "compiled.mach-o.executable"; includeInIndex = 0; path = example_fbo; sourceTree = BUILT_PRODUCTS_DIR; };
/* End PBXFileReference section */

/* Begin PBXFrameworksBuildPhase section */
		5A9176204E1558CE495B06A6 /* Frameworks */ = {
			isa = PBXFrameworksBuildPhase;
			buildActionMask = 2147483647;
			files = (
				3AE0612F0BC411964A324393 /* libnanovg.a in Frameworks */,
			);
			runOnlyForDeploymentPostprocessing = 0;
		};
/* End PBXFrameworksBuildPhase section */

/* Begin PBXGroup section */
		0A74684E16365B2315D97729 /* Projects */ = {
			isa = PBXGroup;
			children = (
				36B0730559E165A27F8A63AD /* nanovg.xcodeproj */,
			);
			name = Projects;
			sourceTree = "<group>";
		};
		12E6652C6B3449FB27290764 /* example_fbo */ = {
			isa = PBXGroup;
			children = (
				54CB65D2581D797248FC1C8A /* example */,
				2C9E799E0285111C687D174E /* Products */,
				0A74684E16365B2315D97729 /* Projects */,
			);
			name = example_fbo;
			sourceTree = "<group>";
		};
		2C9E799E0285111C687D174E /* Products */ = {
			isa = PBXGroup;
			children = (
				413B10D0486649DA0BDC515F /* example_fbo */,
			);
			name = Products;
			sourceTree = "<group>";
		};
		54CB65D2581D797248FC1C8A /* example */ = {
			isa = PBXGroup;
			children = (
				41034090481C374123C24DFC /* example_fbo.c */,
				1E4B742E0AE14EEB46B07362 /* perf.c */,
			);
			name = example;
			sourceTree = "<group>";
		};
		751B5A0871B80A812D9258E7 /* Products */ = {
			isa = PBXGroup;
			children = (
				170A385C2119177A08E24A26 /* libnanovg.a */,
			);
			name = Products;
			sourceTree = "<group>";
		};
/* End PBXGroup section */

/* Begin PBXNativeTarget section */
		6CDB393E4FBF36CD76371E72 /* example_fbo */ = {
			isa = PBXNativeTarget;
			buildConfigurationList = 25BE64E906852B44079014BA /* Build configuration list for PBXNativeTarget "example_fbo" */;
			buildPhases = (
				499844B60DC46756548E6416 /* Resources */,
				14461FF74E0B4745306772EB /* Sources */,
				5A9176204E1558CE495B06A6 /* Frameworks */,
			);
			buildRules = (
			);
			dependencies = (
				25CC2F0311F8389E41143716 /* PBXTargetDependency */,
			);
			name = example_fbo;
			productInstallPath = "$(HOME)/bin";
			productName = example_fbo;
			productReference = 413B10D0486649DA0BDC515F /* example_fbo */;
			productType = "com.apple.product-type.tool";
		};
/* End PBXNativeTarget section */

/* Begin PBXProject section */
		08FB7793FE84155DC02AAC07 /* Project object */ = {
			isa = PBXProject;
			attributes = {
				LastUpgradeCheck = 0930;
			};
			buildConfigurationList = 1DEB928908733DD80010E9CD /* Build configuration list for PBXProject "example_fbo" */;
			compatibilityVersion = "Xcode 3.2";
			developmentRegion = en;
			hasScannedForEncodings = 1;
			knownRegions = (
				en,
			);
			mainGroup = 12E6652C6B3449FB27290764 /* example_fbo */;
			projectDirPath = "";
			projectReferences = (
				{
					ProductGroup = 751B5A0871B80A812D9258E7 /* Products */;
					ProjectRef = 36B0730559E165A27F8A63AD /* nanovg.xcodeproj */;
				},
			);
			projectRoot = "";
			targets = (
				6CDB393E4FBF36CD76371E72 /* example_fbo */,
			);
		};
/* End PBXProject section */

/* Begin PBXReferenceProxy section */
		170A385C2119177A08E24A26 /* libnanovg.a */ = {
			isa = PBXReferenceProxy;
			fileType = archive.ar;
			path = libnanovg.a;
			remoteRef = 62E528DF4CC87561668349C7 /* PBXContainerItemProxy */;
			sourceTree = BUILT_PRODUCTS_DIR;
		};
/* End PBXReferenceProxy section */

/* Begin PBXResourcesBuildPhase section */
		499844B60DC46756548E6416 /* Resources */ = {
			isa = PBXResourcesBuildPhase;
			buildActionMask = 2147483647;
			files = (
			);
			runOnlyForDeploymentPostprocessing = 0;
		};
/* End PBXResourcesBuildPhase section */

/* Begin PBXSourcesBuildPhase section */
		14461FF74E0B4745306772EB /* Sources */ = {
			isa = PBXSourcesBuildPhase;
			buildActionMask = 2147483647;
			files = (
				655B622E67C14D3627AC4C57 /* example_fbo.c in Sources */,
				41B769C72D446C9073ED75C2 /* perf.c in Sources */,
			);
			runOnlyForDeploymentPostprocessing = 0;
		};
/* End PBXSourcesBuildPhase section */

/* Begin PBXTargetDependency section */
		25CC2F0311F8389E41143716 /* PBXTargetDependency */ = {
			isa = PBXTargetDependency;
			name = libnanovg.a;
			targetProxy = 3B7E585B617A3CEE69C47387 /* PBXContainerItemProxy */;
		};
/* End PBXTargetDependency section */

/* Begin XCBuildConfiguration section */
		053509FB5C0C2BF16D6A614F /* Release Native 64-bit */ = {
			isa = XCBuildConfiguration;
			buildSettings = {
				CLANG_WARN_BLOCK_CAPTURE_AUTORELEASING = YES;
				CLANG_WARN_BOOL_CONVERSION = YES;
				CLANG_WARN_COMMA = YES;
				CLANG_WARN_CONSTANT_CONVERSION = YES;
				CLANG_WARN_DEPRECATED_OBJC_IMPLEMENTATIONS = YES;
				CLANG_WARN_EMPTY_BODY = YES;
				CLANG_WARN_ENUM_CONVERSION = YES;
				CLANG_WARN_INFINITE_RECURSION = YES;
				CLANG_WARN_INT_CONVERSION = YES;
				CLANG_WARN_NON_LITERAL_NULL_CONVERSION = YES;
				CLANG_WARN_OBJC_IMPLICIT_RETAIN_SELF = YES;
				CLANG_WARN_OBJC_LITERAL_CONVERSION = YES;
				CLANG_WARN_RANGE_LOOP_ANALYSIS = YES;
				CLANG_WARN_STRICT_PROTOTYPES = YES;
				CLANG_WARN_SUSPICIOUS_MOVE = YES;
				CLANG_WARN_UNREACHABLE_CODE = YES;
				CLANG_WARN__DUPLICATE_METHOD_MATCH = YES;
				CONFIGURATION_TEMP_DIR = "$(OBJROOT)";
				ENABLE_STRICT_OBJC_MSGSEND = YES;
				GCC_C_LANGUAGE_STANDARD = gnu99;
				GCC_NO_COMMON_BLOCKS = YES;
				GCC_OPTIMIZATION_LEVEL = s;
				GCC_PREPROCESSOR_DEFINITIONS = NDEBUG;
				GCC_SYMBOLS_PRIVATE_EXTERN = NO;
				GCC_WARN_64_TO_32_BIT_CONVERSION = YES;
				GCC_WARN_ABOUT_RETURN_TYPE = YES;
				GCC_WARN_UNDECLARED_SELECTOR = YES;
				GCC_WARN_UNINITIALIZED_AUTOS = YES;
				GCC_WARN_UNUSED_FUNCTION = YES;
				GCC_WARN_UNUSED_VARIABLE = YES;
				HEADER_SEARCH_PATHS = (
					../src,
					../example,
				);
				OBJROOT = obj/x64/Release/example_fbo;
				ONLY_ACTIVE_ARCH = NO;
				OTHER_LDFLAGS = (
					"-lglfw3",
					"-framework",
					OpenGL,
					"-framework",
					Cocoa,
					"-framework",
					IOKit,
					"-framework",
					CoreVideo,
					"-framework",
					Carbon,
				);
				WARNING_CFLAGS = "-Wall";
			};
			name = "Release Native 64-bit";
		};
		0AD40C237DAD1D8C732D2D66 /* Debug Native 32-bit */ = {
			isa = XCBuildConfiguration;
			buildSettings = {
				CLANG_WARN_BLOCK_CAPTURE_AUTORELEASING = YES;
				CLANG_WARN_BOOL_CONVERSION = YES;
				CLANG_WARN_COMMA = YES;
				CLANG_WARN_CONSTANT_CONVERSION = YES;
				CLANG_WARN_DEPRECATED_OBJC_IMPLEMENTATIONS = YES;
				CLANG_WARN_EMPTY_BODY = YES;
				CLANG_WARN_ENUM_CONVERSION = YES;
				CLANG_WARN_INFINITE_RECURSION = YES;
				CLANG_WARN_INT_CONVERSION = YES;
				CLANG_WARN_NON_LITERAL_NULL_CONVERSION = YES;
				CLANG_WARN_OBJC_IMPLICIT_RETAIN_SELF = YES;
				CLANG_WARN_OBJC_LITERAL_CONVERSION = YES;
				CLANG_WARN_RANGE_LOOP_ANALYSIS = YES;
				CLANG_WARN_STRICT_PROTOTYPES = YES;
				CLANG_WARN_SUSPICIOUS_MOVE = YES;
				CLANG_WARN_UNREACHABLE_CODE = YES;
				CLANG_WARN__DUPLICATE_METHOD_MATCH = YES;
				CONFIGURATION_TEMP_DIR = "$(OBJROOT)";
				COPY_PHASE_STRIP = NO;
				ENABLE_STRICT_OBJC_MSGSEND = YES;
				ENABLE_TESTABILITY = YES;
				GCC_C_LANGUAGE_STANDARD = gnu99;
				GCC_NO_COMMON_BLOCKS = YES;
				GCC_OPTIMIZATION_LEVEL = 0;
				GCC_PREPROCESSOR_DEFINITIONS = DEBUG;
				GCC_SYMBOLS_PRIVATE_EXTERN = NO;
				GCC_WARN_64_TO_32_BIT_CONVERSION = YES;
				GCC_WARN_ABOUT_RETURN_TYPE = YES;
				GCC_WARN_UNDECLARED_SELECTOR = YES;
				GCC_WARN_UNINITIALIZED_AUTOS = YES;
				GCC_WARN_UNUSED_FUNCTION = YES;
				GCC_WARN_UNUSED_VARIABLE = YES;
				HEADER_SEARCH_PATHS = (
					../src,
					../example,
				);
				OBJROOT = obj/x32/Debug/example_fbo;
				ONLY_ACTIVE_ARCH = YES;
				OTHER_LDFLAGS = (
					"-lglfw3",
					"-framework",
					OpenGL,
					"-framework",
					Cocoa,
					"-framework",
					IOKit,
					"-framework",
					CoreVideo,
					"-framework",
					Carbon,
				);
				WARNING_CFLAGS = "-Wall";
			};
			name = "Debug Native 32-bit";
		};
		0C1F061633A3444007557A6D /* Debug Native 64-bit */ = {
			isa = XCBuildConfiguration;
			buildSettings = {
				CLANG_WARN_BLOCK_CAPTURE_AUTORELEASING = YES;
				CLANG_WARN_BOOL_CONVERSION = YES;
				CLANG_WARN_COMMA = YES;
				CLANG_WARN_CONSTANT_CONVERSION = YES;
				CLANG_WARN_DEPRECATED_OBJC_IMPLEMENTATIONS = YES;
				CLANG_WARN_EMPTY_BODY = YES;
				CLANG_WARN_ENUM_CONVERSION = YES;
				CLANG_WARN_INFINITE_RECURSION = YES;
				CLANG_WARN_INT_CONVERSION = YES;
				CLANG_WARN_NON_LITERAL_NULL_CONVERSION = YES;
				CLANG_WARN_OBJC_IMPLICIT_RETAIN_SELF = YES;
				CLANG_WARN_OBJC_LITERAL_CONVERSION = YES;
				CLANG_WARN_RANGE_LOOP_ANALYSIS = YES;
				CLANG_WARN_STRICT_PROTOTYPES = YES;
				CLANG_WARN_SUSPICIOUS_MOVE = YES;
				CLANG_WARN_UNREACHABLE_CODE = YES;
				CLANG_WARN__DUPLICATE_METHOD_MATCH = YES;
				CONFIGURATION_TEMP_DIR = "$(OBJROOT)";
				COPY_PHASE_STRIP = NO;
				ENABLE_STRICT_OBJC_MSGSEND = YES;
				ENABLE_TESTABILITY = YES;
				GCC_C_LANGUAGE_STANDARD = gnu99;
				GCC_NO_COMMON_BLOCKS = YES;
				GCC_OPTIMIZATION_LEVEL = 0;
				GCC_PREPROCESSOR_DEFINITIONS = DEBUG;
				GCC_SYMBOLS_PRIVATE_EXTERN = NO;
				GCC_WARN_64_TO_32_BIT_CONVERSION = YES;
				GCC_WARN_ABOUT_RETURN_TYPE = YES;
				GCC_WARN_UNDECLARED_SELECTOR = YES;
				GCC_WARN_UNINITIALIZED_AUTOS = YES;
				GCC_WARN_UNUSED_FUNCTION = YES;
				GCC_WARN_UNUSED_VARIABLE = YES;
				HEADER_SEARCH_PATHS = (
					../src,
					../example,
				);
				OBJROOT = obj/x64/Debug/example_fbo;
				ONLY_ACTIVE_ARCH = YES;
				OTHER_LDFLAGS = (
					"-lglfw3",
					"-framework",
					OpenGL,
					"-framework",
					Cocoa,
					"-framework",
					IOKit,
					"-framework",
					CoreVideo,
					"-framework",
					Carbon,
				);
				WARNING_CFLAGS = "-Wall";
			};
			name = "Debug Native 64-bit";
		};
		13F0003664A0513B7A260E60 /* Debug Native */ = {
			isa = XCBuildConfiguration;
			buildSettings = {
				ALWAYS_SEARCH_USER_PATHS = NO;
				CLANG_ENABLE_OBJC_WEAK = YES;
				GCC_DYNAMIC_NO_PIC = NO;
				GCC_MODEL_TUNING = G5;
				HEADER_SEARCH_PATHS = (
					../src,
					../example,
					/usr/local/opt/glfw/include,
				);
				INSTALL_PATH = /usr/local/bin;
				LIBRARY_SEARCH_PATHS = /usr/local/opt/glfw/lib;
				OTHER_LDFLAGS = (
					"-lglfw",
					"-framework",
					OpenGL,
					"-framework",
					Cocoa,
					"-framework",
					IOKit,
					"-framework",
					CoreVideo,
					"-framework",
					Carbon,
				);
				PRODUCT_NAME = example_fbo;
			};
			name = "Debug Native";
		};
		176E64A07B8F0AB11B8C04DB /* Release Native 32-bit */ = {
			isa = XCBuildConfiguration;
			buildSettings = {
				CLANG_WARN_BLOCK_CAPTURE_AUTORELEASING = YES;
				CLANG_WARN_BOOL_CONVERSION = YES;
				CLANG_WARN_COMMA = YES;
				CLANG_WARN_CONSTANT_CONVERSION = YES;
				CLANG_WARN_DEPRECATED_OBJC_IMPLEMENTATIONS = YES;
				CLANG_WARN_EMPTY_BODY = YES;
				CLANG_WARN_ENUM_CONVERSION = YES;
				CLANG_WARN_INFINITE_RECURSION = YES;
				CLANG_WARN_INT_CONVERSION = YES;
				CLANG_WARN_NON_LITERAL_NULL_CONVERSION = YES;
				CLANG_WARN_OBJC_IMPLICIT_RETAIN_SELF = YES;
				CLANG_WARN_OBJC_LITERAL_CONVERSION = YES;
				CLANG_WARN_RANGE_LOOP_ANALYSIS = YES;
				CLANG_WARN_STRICT_PROTOTYPES = YES;
				CLANG_WARN_SUSPICIOUS_MOVE = YES;
				CLANG_WARN_UNREACHABLE_CODE = YES;
				CLANG_WARN__DUPLICATE_METHOD_MATCH = YES;
				CONFIGURATION_TEMP_DIR = "$(OBJROOT)";
				ENABLE_STRICT_OBJC_MSGSEND = YES;
				GCC_C_LANGUAGE_STANDARD = gnu99;
				GCC_NO_COMMON_BLOCKS = YES;
				GCC_OPTIMIZATION_LEVEL = s;
				GCC_PREPROCESSOR_DEFINITIONS = NDEBUG;
				GCC_SYMBOLS_PRIVATE_EXTERN = NO;
				GCC_WARN_64_TO_32_BIT_CONVERSION = YES;
				GCC_WARN_ABOUT_RETURN_TYPE = YES;
				GCC_WARN_UNDECLARED_SELECTOR = YES;
				GCC_WARN_UNINITIALIZED_AUTOS = YES;
				GCC_WARN_UNUSED_FUNCTION = YES;
				GCC_WARN_UNUSED_VARIABLE = YES;
				HEADER_SEARCH_PATHS = (
					../src,
					../example,
				);
				OBJROOT = obj/x32/Release/example_fbo;
				ONLY_ACTIVE_ARCH = NO;
				OTHER_LDFLAGS = (
					"-lglfw3",
					"-framework",
					OpenGL,
					"-framework",
					Cocoa,
					"-framework",
					IOKit,
					"-framework",
					CoreVideo,
					"-framework",
					Carbon,
				);
				WARNING_CFLAGS = "-Wall";
			};
			name = "Release Native 32-bit";
		};
		1F85723730B4145F094863C6 /* Debug Native 64-bit */ = {
			isa = XCBuildConfiguration;
			buildSettings = {
				ALWAYS_SEARCH_USER_PATHS = NO;
				CLANG_ENABLE_OBJC_WEAK = YES;
				GCC_DYNAMIC_NO_PIC = NO;
				GCC_MODEL_TUNING = G5;
				HEADER_SEARCH_PATHS = (
					../src,
					../example,
					/usr/local/opt/glfw/include,
				);
				INSTALL_PATH = /usr/local/bin;
				LIBRARY_SEARCH_PATHS = /usr/local/opt/glfw/lib;
				OTHER_LDFLAGS = (
					"-lglfw",
					"-framework",
					OpenGL,
					"-framework",
					Cocoa,
					"-framework",
					IOKit,
					"-framework",
					CoreVideo,
					"-framework",
					Carbon,
				);
				PRODUCT_NAME = example_fbo;
			};
			name = "Debug Native 64-bit";
		};
		2236088E3BD139B80506095C /* Release Native 64-bit */ = {
			isa = XCBuildConfiguration;
			buildSettings = {
				ALWAYS_SEARCH_USER_PATHS = NO;
				CLANG_ENABLE_OBJC_WEAK = YES;
				DEBUG_INFORMATION_FORMAT = "dwarf-with-dsym";
				GCC_DYNAMIC_NO_PIC = NO;
				GCC_MODEL_TUNING = G5;
				HEADER_SEARCH_PATHS = (
					../src,
					../example,
					/usr/local/opt/glfw/include,
				);
				INSTALL_PATH = /usr/local/bin;
				LIBRARY_SEARCH_PATHS = /usr/local/opt/glfw/lib;
				OTHER_LDFLAGS = (
					"-lglfw",
					"-framework",
					OpenGL,
					"-framework",
					Cocoa,
					"-framework",
					IOKit,
					"-framework",
					CoreVideo,
					"-framework",
					Carbon,
				);
				PRODUCT_NAME = example_fbo;
			};
			name = "Release Native 64-bit";
		};
		292A0B2B62F82DE0088E4418 /* Debug Native 32-bit */ = {
			isa = XCBuildConfiguration;
			buildSettings = {
				ALWAYS_SEARCH_USER_PATHS = NO;
				CLANG_ENABLE_OBJC_WEAK = YES;
				GCC_DYNAMIC_NO_PIC = NO;
				GCC_MODEL_TUNING = G5;
				HEADER_SEARCH_PATHS = (
					../src,
					../example,
					/usr/local/opt/glfw/include,
				);
				INSTALL_PATH = /usr/local/bin;
				LIBRARY_SEARCH_PATHS = /usr/local/opt/glfw/lib;
				OTHER_LDFLAGS = (
					"-lglfw",
					"-framework",
					OpenGL,
					"-framework",
					Cocoa,
					"-framework",
					IOKit,
					"-framework",
					CoreVideo,
					"-framework",
					Carbon,
				);
				PRODUCT_NAME = example_fbo;
			};
			name = "Debug Native 32-bit";
		};
		37AF766857221E5D1DDA7E8F /* Release Native 32-bit */ = {
			isa = XCBuildConfiguration;
			buildSettings = {
				ALWAYS_SEARCH_USER_PATHS = NO;
				CLANG_ENABLE_OBJC_WEAK = YES;
				DEBUG_INFORMATION_FORMAT = "dwarf-with-dsym";
				GCC_DYNAMIC_NO_PIC = NO;
				GCC_MODEL_TUNING = G5;
				HEADER_SEARCH_PATHS = (
					../src,
					../example,
					/usr/local/opt/glfw/include,
				);
				INSTALL_PATH = /usr/local/bin;
				LIBRARY_SEARCH_PATHS = /usr/local/opt/glfw/lib;
				OTHER_LDFLAGS = (
					"-lglfw",
					"-framework",
					OpenGL,
					"-framework",
					Cocoa,
					"-framework",
					IOKit,
					"-framework",
					CoreVideo,
					"-framework",
					Carbon,
				);
				PRODUCT_NAME = example_fbo;
			};
			name = "Release Native 32-bit";
		};
		38EC42DE210E45D9696F248A /* Release Native */ = {
			isa = XCBuildConfiguration;
			buildSettings = {
				ALWAYS_SEARCH_USER_PATHS = NO;
				CLANG_ENABLE_OBJC_WEAK = YES;
				DEBUG_INFORMATION_FORMAT = "dwarf-with-dsym";
				GCC_DYNAMIC_NO_PIC = NO;
				GCC_MODEL_TUNING = G5;
				HEADER_SEARCH_PATHS = (
					../src,
					../example,
					/usr/local/opt/glfw/include,
				);
				INSTALL_PATH = /usr/local/bin;
				LIBRARY_SEARCH_PATHS = /usr/local/opt/glfw/lib;
				OTHER_LDFLAGS = (
					"-lglfw",
					"-framework",
					OpenGL,
					"-framework",
					Cocoa,
					"-framework",
					IOKit,
					"-framework",
					CoreVideo,
					"-framework",
					Carbon,
				);
				PRODUCT_NAME = example_fbo;
			};
			name = "Release Native";
		};
		63686AEA4A9E025353A457DB /* Debug Native */ = {
			isa = XCBuildConfiguration;
			buildSettings = {
				CLANG_WARN_BLOCK_CAPTURE_AUTORELEASING = YES;
				CLANG_WARN_BOOL_CONVERSION = YES;
				CLANG_WARN_COMMA = YES;
				CLANG_WARN_CONSTANT_CONVERSION = YES;
				CLANG_WARN_DEPRECATED_OBJC_IMPLEMENTATIONS = YES;
				CLANG_WARN_EMPTY_BODY = YES;
				CLANG_WARN_ENUM_CONVERSION = YES;
				CLANG_WARN_INFINITE_RECURSION = YES;
				CLANG_WARN_INT_CONVERSION = YES;
				CLANG_WARN_NON_LITERAL_NULL_CONVERSION = YES;
				CLANG_WARN_OBJC_IMPLICIT_RETAIN_SELF = YES;
				CLANG_WARN_OBJC_LITERAL_CONVERSION = YES;
				CLANG_WARN_RANGE_LOOP_ANALYSIS = YES;
				CLANG_WARN_STRICT_PROTOTYPES = YES;
				CLANG_WARN_SUSPICIOUS_MOVE = YES;
				CLANG_WARN_UNREACHABLE_CODE = YES;
				CLANG_WARN__DUPLICATE_METHOD_MATCH = YES;
				CONFIGURATION_TEMP_DIR = "$(OBJROOT)";
				COPY_PHASE_STRIP = NO;
				ENABLE_STRICT_OBJC_MSGSEND = YES;
				ENABLE_TESTABILITY = YES;
				GCC_C_LANGUAGE_STANDARD = gnu99;
				GCC_NO_COMMON_BLOCKS = YES;
				GCC_OPTIMIZATION_LEVEL = 0;
				GCC_PREPROCESSOR_DEFINITIONS = DEBUG;
				GCC_SYMBOLS_PRIVATE_EXTERN = NO;
				GCC_WARN_64_TO_32_BIT_CONVERSION = YES;
				GCC_WARN_ABOUT_RETURN_TYPE = YES;
				GCC_WARN_UNDECLARED_SELECTOR = YES;
				GCC_WARN_UNINITIALIZED_AUTOS = YES;
				GCC_WARN_UNUSED_FUNCTION = YES;
				GCC_WARN_UNUSED_VARIABLE = YES;
				HEADER_SEARCH_PATHS = (
					../src,
					../example,
				);
				OBJROOT = obj/Debug/example_fbo;
				ONLY_ACTIVE_ARCH = YES;
				OTHER_LDFLAGS = (
					"-lglfw3",
					"-framework",
					OpenGL,
					"-framework",
					Cocoa,
					"-framework",
					IOKit,
					"-framework",
					CoreVideo,
					"-framework",
					Carbon,
				);
				WARNING_CFLAGS = "-Wall";
			};
			name = "Debug Native";
		};
		6B31709D6BC8462930C02E56 /* Release Native */ = {
			isa = XCBuildConfiguration;
			buildSettings = {
				CLANG_WARN_BLOCK_CAPTURE_AUTORELEASING = YES;
				CLANG_WARN_BOOL_CONVERSION = YES;
				CLANG_WARN_COMMA = YES;
				CLANG_WARN_CONSTANT_CONVERSION = YES;
				CLANG_WARN_DEPRECATED_OBJC_IMPLEMENTATIONS = YES;
				CLANG_WARN_EMPTY_BODY = YES;
				CLANG_WARN_ENUM_CONVERSION = YES;
				CLANG_WARN_INFINITE_RECURSION = YES;
				CLANG_WARN_INT_CONVERSION = YES;
				CLANG_WARN_NON_LITERAL_NULL_CONVERSION = YES;
				CLANG_WARN_OBJC_IMPLICIT_RETAIN_SELF = YES;
				CLANG_WARN_OBJC_LITERAL_CONVERSION = YES;
				CLANG_WARN_RANGE_LOOP_ANALYSIS = YES;
				CLANG_WARN_STRICT_PROTOTYPES = YES;
				CLANG_WARN_SUSPICIOUS_MOVE = YES;
				CLANG_WARN_UNREACHABLE_CODE = YES;
				CLANG_WARN__DUPLICATE_METHOD_MATCH = YES;
				CONFIGURATION_TEMP_DIR = "$(OBJROOT)";
				ENABLE_STRICT_OBJC_MSGSEND = YES;
				GCC_C_LANGUAGE_STANDARD = gnu99;
				GCC_NO_COMMON_BLOCKS = YES;
				GCC_OPTIMIZATION_LEVEL = s;
				GCC_PREPROCESSOR_DEFINITIONS = NDEBUG;
				GCC_SYMBOLS_PRIVATE_EXTERN = NO;
				GCC_WARN_64_TO_32_BIT_CONVERSION = YES;
				GCC_WARN_ABOUT_RETURN_TYPE = YES;
				GCC_WARN_UNDECLARED_SELECTOR = YES;
				GCC_WARN_UNINITIALIZED_AUTOS = YES;
				GCC_WARN_UNUSED_FUNCTION = YES;
				GCC_WARN_UNUSED_VARIABLE = YES;
				HEADER_SEARCH_PATHS = (
					../src,
					../example,
				);
				OBJROOT = obj/Release/example_fbo;
				ONLY_ACTIVE_ARCH = NO;
				OTHER_LDFLAGS = (
					"-lglfw3",
					"-framework",
					OpenGL,
					"-framework",
					Cocoa,
					"-framework",
					IOKit,
					"-framework",
					CoreVideo,
					"-framework",
					Carbon,
				);
				WARNING_CFLAGS = "-Wall";
			};
			name = "Release Native";
		};
/* End XCBuildConfiguration section */

/* Begin XCConfigurationList section */
		1DEB928908733DD80010E9CD /* Build configuration list for PBXProject "example_fbo" */ = {
			isa = XCConfigurationList;
			buildConfigurations = (
				63686AEA4A9E025353A457DB /* Debug Native */,
				0C1F061633A3444007557A6D /* Debug Native 64-bit */,
				0AD40C237DAD1D8C732D2D66 /* Debug Native 32-bit */,
				6B31709D6BC8462930C02E56 /* Release Native */,
				053509FB5C0C2BF16D6A614F /* Release Native 64-bit */,
				176E64A07B8F0AB11B8C04DB /* Release Native 32-bit */,
			);
			defaultConfigurationIsVisible = 0;
			defaultConfigurationName = "Debug Native";
		};
		25BE64E906852B44079014BA /* Build configuration list for PBXNativeTarget "example_fbo" */ = {
			isa = XCConfigurationList;
			buildConfigurations = (
				13F0003664A0513B7A260E60 /* Debug Native */,
				1F85723730B4145F094863C6 /* Debug Native 64-bit */,
				292A0B2B62F82DE0088E4418 /* Debug Native 32-bit */,
				38EC42DE210E45D9696F248A /* Release Native */,
				2236088E3BD139B80506095C /* Release Native 64-bit */,
				37AF766857221E5D1DDA7E8F /* Release Native 32-bit */,
			);
			defaultConfigurationIsVisible = 0;
			defaultConfigurationName = "Debug Native";
		};
/* End XCConfigurationList section */
	};
	rootObject = 08FB7793FE84155DC02AAC07 /* Project object */;
}
